
Microsoft Visual Studio Solution File, Format Version 12.00
# Visual Studio 14
VisualStudioVersion = 14.0.25420.1
Project("{8BC9CEB8-8B4A-11D0-8D11-00A0C91BC942}") = "XR_3DA", "xr_3da\XR_3DA.vcxproj", "{2578C6D8-660D-48AE-9322-7422F8664F06}"
EndProject
Project("{8BC9CEB8-8B4A-11D0-8D11-00A0C91BC942}") = "xrCPU_Pipe", "xr_3da\xrCPU_Pipe\xrCPU_Pipe.vcxproj", "{CA0649DD-D089-423A-981C-46B57A884EB9}"
EndProject
Project("{8BC9CEB8-8B4A-11D0-8D11-00A0C91BC942}") = "xrGame", "xr_3da\xrGame\xrGame.vcxproj", "{A15B9EF4-D198-45DE-8836-C736D09FF389}"
EndProject
Project("{8BC9CEB8-8B4A-11D0-8D11-00A0C91BC942}") = "xrSound", "xr_3da\xrSound\xrSound.vcxproj", "{CCCA7859-EB86-493E-9B53-C4235F45B3C5}"
EndProject
Project("{8BC9CEB8-8B4A-11D0-8D11-00A0C91BC942}") = "xrCore", "xrCore\xrCore.vcxproj", "{A0F7D1FB-59A7-4717-A7E4-96F37E91998E}"
EndProject
Project("{8BC9CEB8-8B4A-11D0-8D11-00A0C91BC942}") = "xrCDB", "xr_3da\xrCDB\xrCDB.vcxproj", "{A19B1DF2-82EC-4364-8BDF-85D13A1C89B5}"
EndProject
Project("{8BC9CEB8-8B4A-11D0-8D11-00A0C91BC942}") = "xrRender_R1", "xr_3da\xrRender_R1\xrRender_R1.vcxproj", "{57A498C9-A741-4DDF-8EFC-BFB9EB6B00E2}"
EndProject
Project("{8BC9CEB8-8B4A-11D0-8D11-00A0C91BC942}") = "xrRender_R2", "xr_3da\xrRender_R2\xrRender_R2.vcxproj", "{963BA4E5-499A-454D-B002-1D5ECE0527A6}"
EndProject
Project("{8BC9CEB8-8B4A-11D0-8D11-00A0C91BC942}") = "xrXMLParser", "xrXMLParser\xrXMLParser.vcxproj", "{94A1C366-3D19-48E6-8170-4ADC2E70DF98}"
EndProject
Project("{8BC9CEB8-8B4A-11D0-8D11-00A0C91BC942}") = "xrLUA", "xrLUA\xrLUA.vcxproj", "{9ACE5473-6D68-4B96-AC42-B39EABA0FE1F}"
EndProject
Project("{8BC9CEB8-8B4A-11D0-8D11-00A0C91BC942}") = "ode", "xrODE\contrib\msvc7\ode_default\default.vcxproj", "{1BF75FEB-87DD-486C-880B-227987D191C2}"
EndProject
Project("{8BC9CEB8-8B4A-11D0-8D11-00A0C91BC942}") = "xrParticles", "xrParticles\xrParticles.vcxproj", "{94A1C366-3D19-48E6-8170-4ADC2E70DF97}"
EndProject
Project("{8BC9CEB8-8B4A-11D0-8D11-00A0C91BC942}") = "xrNetServer", "xrNetServer\xrNetServer.vcxproj", "{435BAC9A-B225-457D-AB40-C9BD0CC8838C}"
EndProject
Project("{8BC9CEB8-8B4A-11D0-8D11-00A0C91BC942}") = "xrSE_Factory", "xrSE_Factory\xrSE_Factory.vcxproj", "{3AD26FD3-4F52-4E22-A4CF-AD4C49E74C61}"
EndProject
Project("{8BC9CEB8-8B4A-11D0-8D11-00A0C91BC942}") = "xrCompress", "xrCompress\xrCompress.vcxproj", "{EF76867B-6EB8-4DC0-A1D6-E964FAD6FC7B}"
EndProject
Project("{8BC9CEB8-8B4A-11D0-8D11-00A0C91BC942}") = "DXT", "Editors\Tools\DXT\DXT.vcxproj", "{EBF9B543-0830-4866-9B48-DC0740E87E8A}"
EndProject
Project("{8BC9CEB8-8B4A-11D0-8D11-00A0C91BC942}") = "xrstalker", "xrStalker\xrstalker.vcxproj", "{90F938A1-176A-4379-A3D1-DD516E8A6DC1}"
EndProject
Project("{8BC9CEB8-8B4A-11D0-8D11-00A0C91BC942}") = "xrLC", "xrLC\xrLC.vcxproj", "{A4ABD75E-825B-4D09-B3B2-2709682E40C8}"
EndProject
Project("{8BC9CEB8-8B4A-11D0-8D11-00A0C91BC942}") = "xrQSlim", "xrQSlim\xrQSlim.vcxproj", "{F1836CE2-59EF-4189-8B9C-D103A511CB27}"
EndProject
Project("{8BC9CEB8-8B4A-11D0-8D11-00A0C91BC942}") = "xrDO_Light", "xrLC\xrDO_Light\xrDO_Light.vcxproj", "{B730F54D-1199-481A-AAD0-5DB684E067C0}"
EndProject
Project("{8BC9CEB8-8B4A-11D0-8D11-00A0C91BC942}") = "xrAI", "xrAI\xrAI.vcxproj", "{EA5932F3-02FE-4AD3-89E8-7072DC465D25}"
EndProject
Project("{8BC9CEB8-8B4A-11D0-8D11-00A0C91BC942}") = "ETools", "Editors\Tools\ETools\ETools.vcxproj", "{65CBB9D0-FBC6-41A4-8316-F5E9B5D7FB33}"
EndProject
Project("{8BC9CEB8-8B4A-11D0-8D11-00A0C91BC942}") = "xrD3D9-Null", "xr_3da\xrGame\xrD3D9-Null\xrD3D9-Null.vcxproj", "{0899B131-F1D4-4876-9BA1-67AC821DB9E1}"
EndProject
Project("{2150E333-8FDC-42A3-9474-1A3956D46DE8}") = "Dependencies", "Dependencies", "{66E07D12-9436-4348-BEAF-7FC00031B8E8}"
EndProject
Project("{2150E333-8FDC-42A3-9474-1A3956D46DE8}") = "Engine", "Engine", "{E2256FD5-046B-491C-863F-E55AA47BC725}"
EndProject
Project("{2150E333-8FDC-42A3-9474-1A3956D46DE8}") = "Game", "Game", "{F4E173ED-8ABF-4FDF-84AC-3D260DA4AF53}"
EndProject
Project("{2150E333-8FDC-42A3-9474-1A3956D46DE8}") = "Server", "Server", "{322972AD-CD3C-4C90-A2E8-5A0EDC10640C}"
EndProject
Project("{2150E333-8FDC-42A3-9474-1A3956D46DE8}") = "Renders", "Renders", "{904C24D5-FEA3-4270-9D56-50C4F2602476}"
EndProject
Project("{2150E333-8FDC-42A3-9474-1A3956D46DE8}") = "Utilities", "Utilities", "{B59A08F4-0AFB-4F47-8DED-90E6C5F31D59}"
EndProject
Project("{2150E333-8FDC-42A3-9474-1A3956D46DE8}") = "Resources", "Resources", "{A059E86F-1447-49E1-ABB5-9F6D0AF3E153}"
EndProject
Project("{2150E333-8FDC-42A3-9474-1A3956D46DE8}") = "Other", "Other", "{54D20E52-3F81-4E4F-9428-C8069CC122DD}"
EndProject
Global
	GlobalSection(SolutionConfigurationPlatforms) = preSolution
		Debug|Win32 = Debug|Win32
		DebugNoExceptions|Win32 = DebugNoExceptions|Win32
		Mixed|Win32 = Mixed|Win32
		Release|Win32 = Release|Win32
		Template|Win32 = Template|Win32
	EndGlobalSection
	GlobalSection(ProjectConfigurationPlatforms) = postSolution
		{2578C6D8-660D-48AE-9322-7422F8664F06}.Debug|Win32.ActiveCfg = Debug|Win32
		{2578C6D8-660D-48AE-9322-7422F8664F06}.Debug|Win32.Build.0 = Debug|Win32
		{2578C6D8-660D-48AE-9322-7422F8664F06}.DebugNoExceptions|Win32.ActiveCfg = Debug|Win32
		{2578C6D8-660D-48AE-9322-7422F8664F06}.Mixed|Win32.ActiveCfg = Mixed|Win32
		{2578C6D8-660D-48AE-9322-7422F8664F06}.Mixed|Win32.Build.0 = Mixed|Win32
		{2578C6D8-660D-48AE-9322-7422F8664F06}.Release|Win32.ActiveCfg = Release|Win32
		{2578C6D8-660D-48AE-9322-7422F8664F06}.Release|Win32.Build.0 = Release|Win32
		{2578C6D8-660D-48AE-9322-7422F8664F06}.Template|Win32.ActiveCfg = Template|Win32
		{2578C6D8-660D-48AE-9322-7422F8664F06}.Template|Win32.Build.0 = Template|Win32
		{CA0649DD-D089-423A-981C-46B57A884EB9}.Debug|Win32.ActiveCfg = Debug|Win32
		{CA0649DD-D089-423A-981C-46B57A884EB9}.Debug|Win32.Build.0 = Debug|Win32
		{CA0649DD-D089-423A-981C-46B57A884EB9}.DebugNoExceptions|Win32.ActiveCfg = Debug|Win32
		{CA0649DD-D089-423A-981C-46B57A884EB9}.Mixed|Win32.ActiveCfg = Mixed|Win32
		{CA0649DD-D089-423A-981C-46B57A884EB9}.Mixed|Win32.Build.0 = Mixed|Win32
		{CA0649DD-D089-423A-981C-46B57A884EB9}.Release|Win32.ActiveCfg = Release|Win32
		{CA0649DD-D089-423A-981C-46B57A884EB9}.Release|Win32.Build.0 = Release|Win32
		{CA0649DD-D089-423A-981C-46B57A884EB9}.Template|Win32.ActiveCfg = Template|Win32
		{CA0649DD-D089-423A-981C-46B57A884EB9}.Template|Win32.Build.0 = Template|Win32
		{A15B9EF4-D198-45DE-8836-C736D09FF389}.Debug|Win32.ActiveCfg = Debug|Win32
		{A15B9EF4-D198-45DE-8836-C736D09FF389}.DebugNoExceptions|Win32.ActiveCfg = DebugNoExceptions|Win32
		{A15B9EF4-D198-45DE-8836-C736D09FF389}.Mixed|Win32.ActiveCfg = Mixed|Win32
		{A15B9EF4-D198-45DE-8836-C736D09FF389}.Mixed|Win32.Build.0 = Mixed|Win32
		{A15B9EF4-D198-45DE-8836-C736D09FF389}.Release|Win32.ActiveCfg = Release|Win32
		{A15B9EF4-D198-45DE-8836-C736D09FF389}.Template|Win32.ActiveCfg = Template|Win32
		{A15B9EF4-D198-45DE-8836-C736D09FF389}.Template|Win32.Build.0 = Template|Win32
		{CCCA7859-EB86-493E-9B53-C4235F45B3C5}.Debug|Win32.ActiveCfg = Debug|Win32
		{CCCA7859-EB86-493E-9B53-C4235F45B3C5}.DebugNoExceptions|Win32.ActiveCfg = Debug|Win32
		{CCCA7859-EB86-493E-9B53-C4235F45B3C5}.Mixed|Win32.ActiveCfg = Mixed|Win32
		{CCCA7859-EB86-493E-9B53-C4235F45B3C5}.Mixed|Win32.Build.0 = Mixed|Win32
		{CCCA7859-EB86-493E-9B53-C4235F45B3C5}.Release|Win32.ActiveCfg = Release|Win32
		{CCCA7859-EB86-493E-9B53-C4235F45B3C5}.Template|Win32.ActiveCfg = Release|Win32
		{A0F7D1FB-59A7-4717-A7E4-96F37E91998E}.Debug|Win32.ActiveCfg = Debug|Win32
		{A0F7D1FB-59A7-4717-A7E4-96F37E91998E}.Debug|Win32.Build.0 = Debug|Win32
		{A0F7D1FB-59A7-4717-A7E4-96F37E91998E}.DebugNoExceptions|Win32.ActiveCfg = Debug|Win32
		{A0F7D1FB-59A7-4717-A7E4-96F37E91998E}.Mixed|Win32.ActiveCfg = Mixed|Win32
		{A0F7D1FB-59A7-4717-A7E4-96F37E91998E}.Mixed|Win32.Build.0 = Mixed|Win32
		{A0F7D1FB-59A7-4717-A7E4-96F37E91998E}.Release|Win32.ActiveCfg = Release|Win32
		{A0F7D1FB-59A7-4717-A7E4-96F37E91998E}.Release|Win32.Build.0 = Release|Win32
		{A0F7D1FB-59A7-4717-A7E4-96F37E91998E}.Template|Win32.ActiveCfg = Template|Win32
		{A0F7D1FB-59A7-4717-A7E4-96F37E91998E}.Template|Win32.Build.0 = Template|Win32
		{A19B1DF2-82EC-4364-8BDF-85D13A1C89B5}.Debug|Win32.ActiveCfg = Debug|Win32
		{A19B1DF2-82EC-4364-8BDF-85D13A1C89B5}.DebugNoExceptions|Win32.ActiveCfg = Debug|Win32
		{A19B1DF2-82EC-4364-8BDF-85D13A1C89B5}.Mixed|Win32.ActiveCfg = Mixed|Win32
		{A19B1DF2-82EC-4364-8BDF-85D13A1C89B5}.Mixed|Win32.Build.0 = Mixed|Win32
		{A19B1DF2-82EC-4364-8BDF-85D13A1C89B5}.Release|Win32.ActiveCfg = Release|Win32
		{A19B1DF2-82EC-4364-8BDF-85D13A1C89B5}.Template|Win32.ActiveCfg = Release|Win32
		{57A498C9-A741-4DDF-8EFC-BFB9EB6B00E2}.Debug|Win32.ActiveCfg = Debug|Win32
		{57A498C9-A741-4DDF-8EFC-BFB9EB6B00E2}.Debug|Win32.Build.0 = Debug|Win32
		{57A498C9-A741-4DDF-8EFC-BFB9EB6B00E2}.DebugNoExceptions|Win32.ActiveCfg = DebugNoExceptions|Win32
		{57A498C9-A741-4DDF-8EFC-BFB9EB6B00E2}.DebugNoExceptions|Win32.Build.0 = DebugNoExceptions|Win32
		{57A498C9-A741-4DDF-8EFC-BFB9EB6B00E2}.Mixed|Win32.ActiveCfg = Mixed|Win32
		{57A498C9-A741-4DDF-8EFC-BFB9EB6B00E2}.Mixed|Win32.Build.0 = Mixed|Win32
		{57A498C9-A741-4DDF-8EFC-BFB9EB6B00E2}.Release|Win32.ActiveCfg = Release|Win32
		{57A498C9-A741-4DDF-8EFC-BFB9EB6B00E2}.Release|Win32.Build.0 = Release|Win32
		{57A498C9-A741-4DDF-8EFC-BFB9EB6B00E2}.Template|Win32.ActiveCfg = Template|Win32
		{57A498C9-A741-4DDF-8EFC-BFB9EB6B00E2}.Template|Win32.Build.0 = Template|Win32
		{963BA4E5-499A-454D-B002-1D5ECE0527A6}.Debug|Win32.ActiveCfg = Debug|Win32
		{963BA4E5-499A-454D-B002-1D5ECE0527A6}.Debug|Win32.Build.0 = Debug|Win32
		{963BA4E5-499A-454D-B002-1D5ECE0527A6}.DebugNoExceptions|Win32.ActiveCfg = Debug|Win32
		{963BA4E5-499A-454D-B002-1D5ECE0527A6}.Mixed|Win32.ActiveCfg = Mixed|Win32
		{963BA4E5-499A-454D-B002-1D5ECE0527A6}.Mixed|Win32.Build.0 = Mixed|Win32
		{963BA4E5-499A-454D-B002-1D5ECE0527A6}.Release|Win32.ActiveCfg = Release|Win32
		{963BA4E5-499A-454D-B002-1D5ECE0527A6}.Release|Win32.Build.0 = Release|Win32
		{963BA4E5-499A-454D-B002-1D5ECE0527A6}.Template|Win32.ActiveCfg = Release|Win32
		{963BA4E5-499A-454D-B002-1D5ECE0527A6}.Template|Win32.Build.0 = Release|Win32
		{94A1C366-3D19-48E6-8170-4ADC2E70DF98}.Debug|Win32.ActiveCfg = Debug|Win32
		{94A1C366-3D19-48E6-8170-4ADC2E70DF98}.Debug|Win32.Build.0 = Debug|Win32
		{94A1C366-3D19-48E6-8170-4ADC2E70DF98}.DebugNoExceptions|Win32.ActiveCfg = Debug|Win32
		{94A1C366-3D19-48E6-8170-4ADC2E70DF98}.Mixed|Win32.ActiveCfg = Mixed|Win32
		{94A1C366-3D19-48E6-8170-4ADC2E70DF98}.Mixed|Win32.Build.0 = Mixed|Win32
		{94A1C366-3D19-48E6-8170-4ADC2E70DF98}.Release|Win32.ActiveCfg = Release|Win32
		{94A1C366-3D19-48E6-8170-4ADC2E70DF98}.Release|Win32.Build.0 = Release|Win32
		{94A1C366-3D19-48E6-8170-4ADC2E70DF98}.Template|Win32.ActiveCfg = Template|Win32
		{94A1C366-3D19-48E6-8170-4ADC2E70DF98}.Template|Win32.Build.0 = Template|Win32
		{9ACE5473-6D68-4B96-AC42-B39EABA0FE1F}.Debug|Win32.ActiveCfg = Debug|Win32
		{9ACE5473-6D68-4B96-AC42-B39EABA0FE1F}.Debug|Win32.Build.0 = Debug|Win32
		{9ACE5473-6D68-4B96-AC42-B39EABA0FE1F}.DebugNoExceptions|Win32.ActiveCfg = Debug|Win32
		{9ACE5473-6D68-4B96-AC42-B39EABA0FE1F}.Mixed|Win32.ActiveCfg = Mixed|Win32
		{9ACE5473-6D68-4B96-AC42-B39EABA0FE1F}.Mixed|Win32.Build.0 = Mixed|Win32
		{9ACE5473-6D68-4B96-AC42-B39EABA0FE1F}.Release|Win32.ActiveCfg = Release|Win32
		{9ACE5473-6D68-4B96-AC42-B39EABA0FE1F}.Release|Win32.Build.0 = Release|Win32
		{9ACE5473-6D68-4B96-AC42-B39EABA0FE1F}.Template|Win32.ActiveCfg = Release|Win32
		{9ACE5473-6D68-4B96-AC42-B39EABA0FE1F}.Template|Win32.Build.0 = Release|Win32
		{1BF75FEB-87DD-486C-880B-227987D191C2}.Debug|Win32.ActiveCfg = Debug|Win32
		{1BF75FEB-87DD-486C-880B-227987D191C2}.Debug|Win32.Build.0 = Debug|Win32
		{1BF75FEB-87DD-486C-880B-227987D191C2}.DebugNoExceptions|Win32.ActiveCfg = Debug|Win32
		{1BF75FEB-87DD-486C-880B-227987D191C2}.Mixed|Win32.ActiveCfg = Mixed|Win32
		{1BF75FEB-87DD-486C-880B-227987D191C2}.Mixed|Win32.Build.0 = Mixed|Win32
		{1BF75FEB-87DD-486C-880B-227987D191C2}.Release|Win32.ActiveCfg = Release|Win32
		{1BF75FEB-87DD-486C-880B-227987D191C2}.Release|Win32.Build.0 = Release|Win32
		{1BF75FEB-87DD-486C-880B-227987D191C2}.Template|Win32.ActiveCfg = Template|Win32
		{1BF75FEB-87DD-486C-880B-227987D191C2}.Template|Win32.Build.0 = Template|Win32
		{94A1C366-3D19-48E6-8170-4ADC2E70DF97}.Debug|Win32.ActiveCfg = Debug|Win32
		{94A1C366-3D19-48E6-8170-4ADC2E70DF97}.Debug|Win32.Build.0 = Debug|Win32
		{94A1C366-3D19-48E6-8170-4ADC2E70DF97}.DebugNoExceptions|Win32.ActiveCfg = DebugNoExceptions|Win32
		{94A1C366-3D19-48E6-8170-4ADC2E70DF97}.DebugNoExceptions|Win32.Build.0 = DebugNoExceptions|Win32
		{94A1C366-3D19-48E6-8170-4ADC2E70DF97}.Mixed|Win32.ActiveCfg = Mixed|Win32
		{94A1C366-3D19-48E6-8170-4ADC2E70DF97}.Mixed|Win32.Build.0 = Mixed|Win32
		{94A1C366-3D19-48E6-8170-4ADC2E70DF97}.Release|Win32.ActiveCfg = Release|Win32
		{94A1C366-3D19-48E6-8170-4ADC2E70DF97}.Release|Win32.Build.0 = Release|Win32
		{94A1C366-3D19-48E6-8170-4ADC2E70DF97}.Template|Win32.ActiveCfg = Template|Win32
		{94A1C366-3D19-48E6-8170-4ADC2E70DF97}.Template|Win32.Build.0 = Template|Win32
		{435BAC9A-B225-457D-AB40-C9BD0CC8838C}.Debug|Win32.ActiveCfg = Debug|Win32
		{435BAC9A-B225-457D-AB40-C9BD0CC8838C}.Debug|Win32.Build.0 = Debug|Win32
		{435BAC9A-B225-457D-AB40-C9BD0CC8838C}.DebugNoExceptions|Win32.ActiveCfg = Debug|Win32
		{435BAC9A-B225-457D-AB40-C9BD0CC8838C}.Mixed|Win32.ActiveCfg = Mixed|Win32
		{435BAC9A-B225-457D-AB40-C9BD0CC8838C}.Mixed|Win32.Build.0 = Mixed|Win32
		{435BAC9A-B225-457D-AB40-C9BD0CC8838C}.Release|Win32.ActiveCfg = Release|Win32
		{435BAC9A-B225-457D-AB40-C9BD0CC8838C}.Release|Win32.Build.0 = Release|Win32
		{435BAC9A-B225-457D-AB40-C9BD0CC8838C}.Template|Win32.ActiveCfg = Template|Win32
		{435BAC9A-B225-457D-AB40-C9BD0CC8838C}.Template|Win32.Build.0 = Template|Win32
		{3AD26FD3-4F52-4E22-A4CF-AD4C49E74C61}.Debug|Win32.ActiveCfg = Debug|Win32
		{3AD26FD3-4F52-4E22-A4CF-AD4C49E74C61}.Debug|Win32.Build.0 = Debug|Win32
		{3AD26FD3-4F52-4E22-A4CF-AD4C49E74C61}.DebugNoExceptions|Win32.ActiveCfg = Debug|Win32
		{3AD26FD3-4F52-4E22-A4CF-AD4C49E74C61}.Mixed|Win32.ActiveCfg = Mixed|Win32
		{3AD26FD3-4F52-4E22-A4CF-AD4C49E74C61}.Mixed|Win32.Build.0 = Mixed|Win32
		{3AD26FD3-4F52-4E22-A4CF-AD4C49E74C61}.Release|Win32.ActiveCfg = Release|Win32
		{3AD26FD3-4F52-4E22-A4CF-AD4C49E74C61}.Release|Win32.Build.0 = Release|Win32
		{3AD26FD3-4F52-4E22-A4CF-AD4C49E74C61}.Template|Win32.ActiveCfg = Release|Win32
		{3AD26FD3-4F52-4E22-A4CF-AD4C49E74C61}.Template|Win32.Build.0 = Release|Win32
		{EF76867B-6EB8-4DC0-A1D6-E964FAD6FC7B}.Debug|Win32.ActiveCfg = Debug|Win32
		{EF76867B-6EB8-4DC0-A1D6-E964FAD6FC7B}.Debug|Win32.Build.0 = Debug|Win32
		{EF76867B-6EB8-4DC0-A1D6-E964FAD6FC7B}.DebugNoExceptions|Win32.ActiveCfg = Debug|Win32
		{EF76867B-6EB8-4DC0-A1D6-E964FAD6FC7B}.Mixed|Win32.ActiveCfg = Mixed|Win32
		{EF76867B-6EB8-4DC0-A1D6-E964FAD6FC7B}.Mixed|Win32.Build.0 = Mixed|Win32
		{EF76867B-6EB8-4DC0-A1D6-E964FAD6FC7B}.Release|Win32.ActiveCfg = Release|Win32
		{EF76867B-6EB8-4DC0-A1D6-E964FAD6FC7B}.Release|Win32.Build.0 = Release|Win32
		{EF76867B-6EB8-4DC0-A1D6-E964FAD6FC7B}.Template|Win32.ActiveCfg = Release|Win32
		{EF76867B-6EB8-4DC0-A1D6-E964FAD6FC7B}.Template|Win32.Build.0 = Release|Win32
		{EBF9B543-0830-4866-9B48-DC0740E87E8A}.Debug|Win32.ActiveCfg = Debug|Win32
		{EBF9B543-0830-4866-9B48-DC0740E87E8A}.DebugNoExceptions|Win32.ActiveCfg = Debug|Win32
		{EBF9B543-0830-4866-9B48-DC0740E87E8A}.Mixed|Win32.ActiveCfg = Release|Win32
		{EBF9B543-0830-4866-9B48-DC0740E87E8A}.Mixed|Win32.Build.0 = Release|Win32
		{EBF9B543-0830-4866-9B48-DC0740E87E8A}.Release|Win32.ActiveCfg = Release|Win32
		{EBF9B543-0830-4866-9B48-DC0740E87E8A}.Template|Win32.ActiveCfg = Release|Win32
		{90F938A1-176A-4379-A3D1-DD516E8A6DC1}.Debug|Win32.ActiveCfg = Debug|Win32
		{90F938A1-176A-4379-A3D1-DD516E8A6DC1}.DebugNoExceptions|Win32.ActiveCfg = Debug|Win32
		{90F938A1-176A-4379-A3D1-DD516E8A6DC1}.Mixed|Win32.ActiveCfg = Release|Win32
		{90F938A1-176A-4379-A3D1-DD516E8A6DC1}.Release|Win32.ActiveCfg = Release|Win32
		{90F938A1-176A-4379-A3D1-DD516E8A6DC1}.Template|Win32.ActiveCfg = Release|Win32
		{A4ABD75E-825B-4D09-B3B2-2709682E40C8}.Debug|Win32.ActiveCfg = Debug|Win32
		{A4ABD75E-825B-4D09-B3B2-2709682E40C8}.Debug|Win32.Build.0 = Debug|Win32
		{A4ABD75E-825B-4D09-B3B2-2709682E40C8}.DebugNoExceptions|Win32.ActiveCfg = Debug|Win32
		{A4ABD75E-825B-4D09-B3B2-2709682E40C8}.DebugNoExceptions|Win32.Build.0 = Debug|Win32
		{A4ABD75E-825B-4D09-B3B2-2709682E40C8}.Mixed|Win32.ActiveCfg = Mixed|Win32
		{A4ABD75E-825B-4D09-B3B2-2709682E40C8}.Mixed|Win32.Build.0 = Mixed|Win32
		{A4ABD75E-825B-4D09-B3B2-2709682E40C8}.Release|Win32.ActiveCfg = Release|Win32
		{A4ABD75E-825B-4D09-B3B2-2709682E40C8}.Release|Win32.Build.0 = Release|Win32
		{A4ABD75E-825B-4D09-B3B2-2709682E40C8}.Template|Win32.ActiveCfg = Release|Win32
		{A4ABD75E-825B-4D09-B3B2-2709682E40C8}.Template|Win32.Build.0 = Release|Win32
		{F1836CE2-59EF-4189-8B9C-D103A511CB27}.Debug|Win32.ActiveCfg = Debug|Win32
		{F1836CE2-59EF-4189-8B9C-D103A511CB27}.Debug|Win32.Build.0 = Debug|Win32
		{F1836CE2-59EF-4189-8B9C-D103A511CB27}.DebugNoExceptions|Win32.ActiveCfg = Debug|Win32
		{F1836CE2-59EF-4189-8B9C-D103A511CB27}.DebugNoExceptions|Win32.Build.0 = Debug|Win32
		{F1836CE2-59EF-4189-8B9C-D103A511CB27}.Mixed|Win32.ActiveCfg = Release|Win32
		{F1836CE2-59EF-4189-8B9C-D103A511CB27}.Mixed|Win32.Build.0 = Release|Win32
		{F1836CE2-59EF-4189-8B9C-D103A511CB27}.Release|Win32.ActiveCfg = Release|Win32
		{F1836CE2-59EF-4189-8B9C-D103A511CB27}.Release|Win32.Build.0 = Release|Win32
		{F1836CE2-59EF-4189-8B9C-D103A511CB27}.Template|Win32.ActiveCfg = Release|Win32
		{F1836CE2-59EF-4189-8B9C-D103A511CB27}.Template|Win32.Build.0 = Release|Win32
		{B730F54D-1199-481A-AAD0-5DB684E067C0}.Debug|Win32.ActiveCfg = Debug|Win32
		{B730F54D-1199-481A-AAD0-5DB684E067C0}.Debug|Win32.Build.0 = Debug|Win32
		{B730F54D-1199-481A-AAD0-5DB684E067C0}.DebugNoExceptions|Win32.ActiveCfg = Debug|Win32
		{B730F54D-1199-481A-AAD0-5DB684E067C0}.DebugNoExceptions|Win32.Build.0 = Debug|Win32
		{B730F54D-1199-481A-AAD0-5DB684E067C0}.Mixed|Win32.ActiveCfg = Mixed|Win32
		{B730F54D-1199-481A-AAD0-5DB684E067C0}.Mixed|Win32.Build.0 = Mixed|Win32
		{B730F54D-1199-481A-AAD0-5DB684E067C0}.Release|Win32.ActiveCfg = Release|Win32
		{B730F54D-1199-481A-AAD0-5DB684E067C0}.Release|Win32.Build.0 = Release|Win32
		{B730F54D-1199-481A-AAD0-5DB684E067C0}.Template|Win32.ActiveCfg = Release|Win32
		{B730F54D-1199-481A-AAD0-5DB684E067C0}.Template|Win32.Build.0 = Release|Win32
		{EA5932F3-02FE-4AD3-89E8-7072DC465D25}.Debug|Win32.ActiveCfg = Debug|Win32
		{EA5932F3-02FE-4AD3-89E8-7072DC465D25}.Debug|Win32.Build.0 = Debug|Win32
		{EA5932F3-02FE-4AD3-89E8-7072DC465D25}.DebugNoExceptions|Win32.ActiveCfg = Debug|Win32
		{EA5932F3-02FE-4AD3-89E8-7072DC465D25}.DebugNoExceptions|Win32.Build.0 = Debug|Win32
		{EA5932F3-02FE-4AD3-89E8-7072DC465D25}.Mixed|Win32.ActiveCfg = Mixed|Win32
		{EA5932F3-02FE-4AD3-89E8-7072DC465D25}.Mixed|Win32.Build.0 = Mixed|Win32
		{EA5932F3-02FE-4AD3-89E8-7072DC465D25}.Release|Win32.ActiveCfg = Release|Win32
		{EA5932F3-02FE-4AD3-89E8-7072DC465D25}.Release|Win32.Build.0 = Release|Win32
		{EA5932F3-02FE-4AD3-89E8-7072DC465D25}.Template|Win32.ActiveCfg = Template|Win32
		{EA5932F3-02FE-4AD3-89E8-7072DC465D25}.Template|Win32.Build.0 = Template|Win32
		{65CBB9D0-FBC6-41A4-8316-F5E9B5D7FB33}.Debug|Win32.ActiveCfg = Debug|Win32
		{65CBB9D0-FBC6-41A4-8316-F5E9B5D7FB33}.DebugNoExceptions|Win32.ActiveCfg = Debug|Win32
		{65CBB9D0-FBC6-41A4-8316-F5E9B5D7FB33}.Mixed|Win32.ActiveCfg = Release|Win32
		{65CBB9D0-FBC6-41A4-8316-F5E9B5D7FB33}.Mixed|Win32.Build.0 = Release|Win32
		{65CBB9D0-FBC6-41A4-8316-F5E9B5D7FB33}.Release|Win32.ActiveCfg = Release|Win32
		{65CBB9D0-FBC6-41A4-8316-F5E9B5D7FB33}.Template|Win32.ActiveCfg = Release|Win32
		{0899B131-F1D4-4876-9BA1-67AC821DB9E1}.Debug|Win32.ActiveCfg = Debug|Win32
		{0899B131-F1D4-4876-9BA1-67AC821DB9E1}.Debug|Win32.Build.0 = Debug|Win32
		{0899B131-F1D4-4876-9BA1-67AC821DB9E1}.DebugNoExceptions|Win32.ActiveCfg = Debug|Win32
		{0899B131-F1D4-4876-9BA1-67AC821DB9E1}.DebugNoExceptions|Win32.Build.0 = Debug|Win32
		{0899B131-F1D4-4876-9BA1-67AC821DB9E1}.Mixed|Win32.ActiveCfg = Release|Win32
		{0899B131-F1D4-4876-9BA1-67AC821DB9E1}.Mixed|Win32.Build.0 = Release|Win32
		{0899B131-F1D4-4876-9BA1-67AC821DB9E1}.Release|Win32.ActiveCfg = Release|Win32
		{0899B131-F1D4-4876-9BA1-67AC821DB9E1}.Release|Win32.Build.0 = Release|Win32
		{0899B131-F1D4-4876-9BA1-67AC821DB9E1}.Template|Win32.ActiveCfg = Release|Win32
		{0899B131-F1D4-4876-9BA1-67AC821DB9E1}.Template|Win32.Build.0 = Release|Win32
	EndGlobalSection
	GlobalSection(SolutionProperties) = preSolution
		HideSolutionNode = FALSE
	EndGlobalSection
	GlobalSection(NestedProjects) = preSolution
		{CA0649DD-D089-423A-981C-46B57A884EB9} = {54D20E52-3F81-4E4F-9428-C8069CC122DD}
		{A15B9EF4-D198-45DE-8836-C736D09FF389} = {F4E173ED-8ABF-4FDF-84AC-3D260DA4AF53}
		{A0F7D1FB-59A7-4717-A7E4-96F37E91998E} = {E2256FD5-046B-491C-863F-E55AA47BC725}
		{A19B1DF2-82EC-4364-8BDF-85D13A1C89B5} = {E2256FD5-046B-491C-863F-E55AA47BC725}
		{94A1C366-3D19-48E6-8170-4ADC2E70DF98} = {E2256FD5-046B-491C-863F-E55AA47BC725}
		{9ACE5473-6D68-4B96-AC42-B39EABA0FE1F} = {E2256FD5-046B-491C-863F-E55AA47BC725}
		{94A1C366-3D19-48E6-8170-4ADC2E70DF97} = {E2256FD5-046B-491C-863F-E55AA47BC725}
		{435BAC9A-B225-457D-AB40-C9BD0CC8838C} = {E2256FD5-046B-491C-863F-E55AA47BC725}
		{CCCA7859-EB86-493E-9B53-C4235F45B3C5} = {E2256FD5-046B-491C-863F-E55AA47BC725}
		{963BA4E5-499A-454D-B002-1D5ECE0527A6} = {904C24D5-FEA3-4270-9D56-50C4F2602476}
		{57A498C9-A741-4DDF-8EFC-BFB9EB6B00E2} = {904C24D5-FEA3-4270-9D56-50C4F2602476}
		{1BF75FEB-87DD-486C-880B-227987D191C2} = {66E07D12-9436-4348-BEAF-7FC00031B8E8}
		{EF76867B-6EB8-4DC0-A1D6-E964FAD6FC7B} = {B59A08F4-0AFB-4F47-8DED-90E6C5F31D59}
		{EBF9B543-0830-4866-9B48-DC0740E87E8A} = {B59A08F4-0AFB-4F47-8DED-90E6C5F31D59}
		{A4ABD75E-825B-4D09-B3B2-2709682E40C8} = {B59A08F4-0AFB-4F47-8DED-90E6C5F31D59}
		{F1836CE2-59EF-4189-8B9C-D103A511CB27} = {B59A08F4-0AFB-4F47-8DED-90E6C5F31D59}
		{B730F54D-1199-481A-AAD0-5DB684E067C0} = {B59A08F4-0AFB-4F47-8DED-90E6C5F31D59}
		{EA5932F3-02FE-4AD3-89E8-7072DC465D25} = {B59A08F4-0AFB-4F47-8DED-90E6C5F31D59}
		{65CBB9D0-FBC6-41A4-8316-F5E9B5D7FB33} = {B59A08F4-0AFB-4F47-8DED-90E6C5F31D59}
		{3AD26FD3-4F52-4E22-A4CF-AD4C49E74C61} = {B59A08F4-0AFB-4F47-8DED-90E6C5F31D59}
		{90F938A1-176A-4379-A3D1-DD516E8A6DC1} = {A059E86F-1447-49E1-ABB5-9F6D0AF3E153}
		{0899B131-F1D4-4876-9BA1-67AC821DB9E1} = {322972AD-CD3C-4C90-A2E8-5A0EDC10640C}
	EndGlobalSection
	GlobalSection(DPCodeReviewSolutionGUID) = preSolution
		DPCodeReviewSolutionGUID = {00000000-0000-0000-0000-000000000000}
	EndGlobalSection
EndGlobal
