<?xml version="1.0" encoding="utf-8"?>
<Project ToolsVersion="4.0" xmlns="http://schemas.microsoft.com/developer/msbuild/2003">
  <ItemGroup>
    <Filter Include="Source Files">
      <UniqueIdentifier>{4FC737F1-C7A5-4376-A066-2A32D752A2FF}</UniqueIdentifier>
      <Extensions>cpp;c;cxx;def;odl;idl;hpj;bat;asm;asmx</Extensions>
    </Filter>
    <Filter Include="Header Files">
      <UniqueIdentifier>{93995380-89BD-4b04-88EB-625FBE52EBFB}</UniqueIdentifier>
      <Extensions>h;hpp;hxx;hm;inl;inc;xsd</Extensions>
    </Filter>
    <Filter Include="Resource Files">
      <UniqueIdentifier>{67DA6AB6-F800-4c08-8B7A-83BB121AAD01}</UniqueIdentifier>
      <Extensions>rc;ico;cur;bmp;dlg;rc2;rct;bin;rgs;gif;jpg;jpeg;jpe;resx</Extensions>
    </Filter>
    <Filter Include="IDirect3D9">
      <UniqueIdentifier>{74aa216a-8cb4-4a65-9a28-90ccb235265f}</UniqueIdentifier>
    </Filter>
    <Filter Include="IDirect3DDevice9">
      <UniqueIdentifier>{896a5f6a-dc3f-4f1b-847e-c17cc17e0a92}</UniqueIdentifier>
    </Filter>
    <Filter Include="IDirect3DQuery9">
      <UniqueIdentifier>{9554587a-aa26-49de-ad9c-8edd2bbed3dd}</UniqueIdentifier>
    </Filter>
    <Filter Include="IDirect3DSurface9">
      <UniqueIdentifier>{36f73921-3075-47c3-9183-955743db92d4}</UniqueIdentifier>
    </Filter>
    <Filter Include="IDirect3DIndexBuffer9">
      <UniqueIdentifier>{aa36a159-c9bf-4ee8-8951-0c7dd06c24a6}</UniqueIdentifier>
    </Filter>
    <Filter Include="IDirect3DVertexBuffer9">
      <UniqueIdentifier>{564085a0-707d-45f0-9b54-22c8d31401a3}</UniqueIdentifier>
    </Filter>
    <Filter Include="IDirect3DTexture9">
      <UniqueIdentifier>{658f15fa-2b56-4d7f-803f-310bf18a4517}</UniqueIdentifier>
    </Filter>
    <Filter Include="IDirect3DVertexDeclaration9">
      <UniqueIdentifier>{265e9f7c-8022-4673-b8d3-ecc54c5c4baf}</UniqueIdentifier>
    </Filter>
    <Filter Include="IDirect3DVertexShader9">
      <UniqueIdentifier>{461b7b0a-8c66-4aae-b28e-c4b9f96e4401}</UniqueIdentifier>
    </Filter>
    <Filter Include="IDirect3DPixelShader9">
      <UniqueIdentifier>{3dfb264b-dbb6-478a-8974-1f1da8623b79}</UniqueIdentifier>
    </Filter>
    <Filter Include="IDirect3DStateBlock9">
      <UniqueIdentifier>{1ef4eade-69f3-40cc-b149-93afd99ea78a}</UniqueIdentifier>
    </Filter>
  </ItemGroup>
  <ItemGroup>
    <ClCompile Include="stdafx.cpp">
      <Filter>Source Files</Filter>
    </ClCompile>
    <ClCompile Include="xrD3D9-Null.cpp">
      <Filter>Source Files</Filter>
    </ClCompile>
    <ClCompile Include="xrD3D9-Null_OutProc.cpp">
      <Filter>Source Files</Filter>
    </ClCompile>
    <ClCompile Include="IDirect3D9.cpp">
      <Filter>IDirect3D9</Filter>
    </ClCompile>
    <ClCompile Include="IDirect3DDevice9.cpp">
      <Filter>IDirect3DDevice9</Filter>
    </ClCompile>
    <ClCompile Include="IDirect3DDevice9_Caps.cpp">
      <Filter>IDirect3DDevice9</Filter>
    </ClCompile>
    <ClCompile Include="IDirect3DQuery9.cpp">
      <Filter>IDirect3DQuery9</Filter>
    </ClCompile>
    <ClCompile Include="IDirect3DSurface9.cpp">
      <Filter>IDirect3DSurface9</Filter>
    </ClCompile>
    <ClCompile Include="IDirect3DIndexBuffer9.cpp">
      <Filter>IDirect3DIndexBuffer9</Filter>
    </ClCompile>
    <ClCompile Include="IDirect3DVertexBuffer9.cpp">
      <Filter>IDirect3DVertexBuffer9</Filter>
    </ClCompile>
    <ClCompile Include="IDirect3DTexture9.cpp">
      <Filter>IDirect3DTexture9</Filter>
    </ClCompile>
    <ClCompile Include="IDirect3DVertexDeclaration9.cpp">
      <Filter>IDirect3DVertexDeclaration9</Filter>
    </ClCompile>
    <ClCompile Include="IDirect3DVertexShader9.cpp">
      <Filter>IDirect3DVertexShader9</Filter>
    </ClCompile>
    <ClCompile Include="IDirect3DPixelShader9.cpp">
      <Filter>IDirect3DPixelShader9</Filter>
    </ClCompile>
    <ClCompile Include="IDirect3DStateBlock9.cpp">
      <Filter>IDirect3DStateBlock9</Filter>
    </ClCompile>
  </ItemGroup>
  <ItemGroup>
    <None Include="xrD3D9-Null.def">
      <Filter>Source Files</Filter>
    </None>
    <None Include="ReadMe.txt" />
  </ItemGroup>
  <ItemGroup>
    <ClInclude Include="stdafx.h">
      <Filter>Header Files</Filter>
    </ClInclude>
    <ClInclude Include="xrD3D9-Null.h">
      <Filter>Header Files</Filter>
    </ClInclude>
    <ClInclude Include="xrD3D9-Null_OutProc.h">
      <Filter>Header Files</Filter>
    </ClInclude>
    <ClInclude Include="IDirect3D9.h">
      <Filter>IDirect3D9</Filter>
    </ClInclude>
    <ClInclude Include="IDirect3DDevice9.h">
      <Filter>IDirect3DDevice9</Filter>
    </ClInclude>
    <ClInclude Include="IDirect3DQuery9.h">
      <Filter>IDirect3DQuery9</Filter>
    </ClInclude>
    <ClInclude Include="IDirect3DSurface9.h">
      <Filter>IDirect3DSurface9</Filter>
    </ClInclude>
    <ClInclude Include="IDirect3DIndexBuffer9.h">
      <Filter>IDirect3DIndexBuffer9</Filter>
    </ClInclude>
    <ClInclude Include="IDirect3DVertexBuffer9.h">
      <Filter>IDirect3DVertexBuffer9</Filter>
    </ClInclude>
    <ClInclude Include="IDirect3DTexture9.h">
      <Filter>IDirect3DTexture9</Filter>
    </ClInclude>
    <ClInclude Include="IDirect3DVertexDeclaration9.h">
      <Filter>IDirect3DVertexDeclaration9</Filter>
    </ClInclude>
    <ClInclude Include="IDirect3DVertexShader9.h">
      <Filter>IDirect3DVertexShader9</Filter>
    </ClInclude>
    <ClInclude Include="IDirect3DPixelShader9.h">
      <Filter>IDirect3DPixelShader9</Filter>
    </ClInclude>
    <ClInclude Include="IDirect3DStateBlock9.h">
      <Filter>IDirect3DStateBlock9</Filter>
    </ClInclude>
  </ItemGroup>
</Project>