<?xml version="1.0" encoding="utf-8"?>
<Project ToolsVersion="4.0" xmlns="http://schemas.microsoft.com/developer/msbuild/2003">
  <ItemGroup>
    <Filter Include="Core">
      <UniqueIdentifier>{2095b8a4-c790-46ac-bbf6-4a1773b0937c}</UniqueIdentifier>
    </Filter>
    <Filter Include="Common">
      <UniqueIdentifier>{e7ad2462-9091-4def-874a-c02b7e1ae6ab}</UniqueIdentifier>
    </Filter>
    <Filter Include="Common\IntrusivePtr">
      <UniqueIdentifier>{ffe51851-f44e-4a02-ae02-622a1a28d807}</UniqueIdentifier>
    </Filter>
    <Filter Include="Common\AComponents">
      <UniqueIdentifier>{e22e7900-092b-4a8c-93e5-fe0fbca5a357}</UniqueIdentifier>
    </Filter>
    <Filter Include="Common\AComponents\SpaceRestrictionManager">
      <UniqueIdentifier>{43824fc1-c98c-40c3-9ce6-4d87139ed231}</UniqueIdentifier>
    </Filter>
    <Filter Include="Common\ASound">
      <UniqueIdentifier>{301d6441-964a-4899-a148-af7fac4cda4b}</UniqueIdentifier>
    </Filter>
    <Filter Include="Common\ASpace">
      <UniqueIdentifier>{51620206-1084-4baa-9b1c-9193ec617064}</UniqueIdentifier>
    </Filter>
    <Filter Include="Common\ObjectBroker">
      <UniqueIdentifier>{c03ef127-7fe6-4661-9213-33c76eb17915}</UniqueIdentifier>
    </Filter>
    <Filter Include="Common\ObjectFactory">
      <UniqueIdentifier>{26c9eee7-421a-49d8-bd8e-2aad405d638b}</UniqueIdentifier>
    </Filter>
    <Filter Include="Common\ObjectFactory\object_item_abstract">
      <UniqueIdentifier>{0dd80153-b1cb-4dda-b90e-915b3ff3e737}</UniqueIdentifier>
    </Filter>
    <Filter Include="Common\ObjectFactory\object_item_client_server">
      <UniqueIdentifier>{a343a5ec-4595-4d09-9029-5974dcda36ef}</UniqueIdentifier>
    </Filter>
    <Filter Include="Common\ObjectFactory\object_item_script">
      <UniqueIdentifier>{458d69d2-d2d9-4ed1-9ea6-2bdb4b4fb8a7}</UniqueIdentifier>
    </Filter>
    <Filter Include="Common\ObjectFactory\object_item_single">
      <UniqueIdentifier>{5eec2f9d-ae79-4be4-b6b3-e008ac1678da}</UniqueIdentifier>
    </Filter>
    <Filter Include="Common\SmartCast">
      <UniqueIdentifier>{3133a071-2872-4393-a198-49673330c2d8}</UniqueIdentifier>
    </Filter>
    <Filter Include="Scripts">
      <UniqueIdentifier>{dfab401a-999a-46a1-89aa-b5dd9cc069d4}</UniqueIdentifier>
    </Filter>
    <Filter Include="Scripts\ScriptClasses">
      <UniqueIdentifier>{ba1aebae-d6d8-46ee-b6ed-bc7cea1e5729}</UniqueIdentifier>
    </Filter>
    <Filter Include="Scripts\ScriptClasses\ScriptFmatrix">
      <UniqueIdentifier>{5b0090d7-c342-4c75-9271-f2cc950ab2e4}</UniqueIdentifier>
    </Filter>
    <Filter Include="Scripts\ScriptClasses\ScriptFvector">
      <UniqueIdentifier>{a44b4306-bb42-4581-9786-f31b2ba9d0c5}</UniqueIdentifier>
    </Filter>
    <Filter Include="Scripts\ScriptClasses\ScriptIniFile">
      <UniqueIdentifier>{e534546e-8727-4105-9997-c6f4bb5b8c85}</UniqueIdentifier>
    </Filter>
    <Filter Include="Scripts\ScriptClasses\ScriptIniFile\ScriptTokenList">
      <UniqueIdentifier>{d878b3a4-6360-4502-a476-c36919cd6a61}</UniqueIdentifier>
    </Filter>
    <Filter Include="Scripts\ScriptClasses\ScriptIniFile\ScriptRTokenList">
      <UniqueIdentifier>{b422bb55-a708-4141-bc19-515ae0c76ffb}</UniqueIdentifier>
    </Filter>
    <Filter Include="Scripts\ScriptClasses\ScriptNetPacket">
      <UniqueIdentifier>{492a71b5-ed67-4ac3-89d4-e79cfe83c736}</UniqueIdentifier>
    </Filter>
    <Filter Include="Scripts\ScriptClasses\ScriptSoundType">
      <UniqueIdentifier>{80083cba-e9cb-4a9e-b655-72e59f44001a}</UniqueIdentifier>
    </Filter>
    <Filter Include="Scripts\ScriptClasses\ScriptFlags">
      <UniqueIdentifier>{f4e894ce-e24e-4f9c-94e8-6f348cd513a5}</UniqueIdentifier>
    </Filter>
    <Filter Include="Scripts\ScriptClasses\ScriptReader">
      <UniqueIdentifier>{b3f3223d-3491-489d-9a5e-5ff76acda804}</UniqueIdentifier>
    </Filter>
    <Filter Include="Scripts\ScriptEngine">
      <UniqueIdentifier>{06761ca6-2baf-4fd6-8a29-81851b65f8ac}</UniqueIdentifier>
    </Filter>
    <Filter Include="Scripts\ScriptStorage">
      <UniqueIdentifier>{7538567c-a897-4273-87d8-b6e95c17558d}</UniqueIdentifier>
    </Filter>
    <Filter Include="Scripts\ScriptProcess">
      <UniqueIdentifier>{4cc668f9-1bd0-4a29-ab77-3a63b349b487}</UniqueIdentifier>
    </Filter>
    <Filter Include="Scripts\ScriptThread">
      <UniqueIdentifier>{6e4dca2e-926c-473d-9e9d-1a9ed0380dad}</UniqueIdentifier>
    </Filter>
    <Filter Include="Scripts\ScriptThread\ScriptStackTracker">
      <UniqueIdentifier>{9bf4279d-9b54-4df4-8794-31559383d783}</UniqueIdentifier>
    </Filter>
    <Filter Include="Scripts\ScriptDebugger">
      <UniqueIdentifier>{525354f1-f422-47b5-96d6-5858b8aeeab4}</UniqueIdentifier>
    </Filter>
    <Filter Include="ServerStuff">
      <UniqueIdentifier>{f0ac7017-4de9-4e5a-9357-bf25e7010174}</UniqueIdentifier>
    </Filter>
    <Filter Include="ServerStuff\Common">
      <UniqueIdentifier>{583ed7ba-9fa7-47d9-9855-49f0608ff147}</UniqueIdentifier>
    </Filter>
    <Filter Include="ServerStuff\Common\ALifeStuff">
      <UniqueIdentifier>{3e13504e-36f5-473a-b6a3-608c15655863}</UniqueIdentifier>
    </Filter>
    <Filter Include="ServerStuff\Common\ALifeStuff\artefact_order">
      <UniqueIdentifier>{43fcda20-f9a9-4fd8-8519-2536393ec6cf}</UniqueIdentifier>
    </Filter>
    <Filter Include="ServerStuff\Common\ALifeStuff\event_personal">
      <UniqueIdentifier>{e4583bf2-1960-4ce0-bf4c-0429864cafc6}</UniqueIdentifier>
    </Filter>
    <Filter Include="ServerStuff\Common\GameStuff">
      <UniqueIdentifier>{01048f63-f91c-4945-b011-ad352d9cc90e}</UniqueIdentifier>
    </Filter>
    <Filter Include="ServerStuff\Common\NetworkStuff">
      <UniqueIdentifier>{5115a579-08a3-4f2b-b48f-50395792d9c4}</UniqueIdentifier>
    </Filter>
    <Filter Include="ServerStuff\Common\PhysicsStuff">
      <UniqueIdentifier>{60e9412b-374e-470b-ad74-49417b468ab6}</UniqueIdentifier>
    </Filter>
    <Filter Include="ServerStuff\Common\ServerStuff">
      <UniqueIdentifier>{d4f1a610-d049-4b0a-ab4b-c66fe85385c9}</UniqueIdentifier>
    </Filter>
    <Filter Include="ServerStuff\ServerFactory">
      <UniqueIdentifier>{77904bd8-6585-4896-bb37-43bb2e68238d}</UniqueIdentifier>
    </Filter>
    <Filter Include="ServerStuff\ServerEntities">
      <UniqueIdentifier>{21335dd6-7d6d-44e6-8c95-0c218be1d8cd}</UniqueIdentifier>
    </Filter>
    <Filter Include="ServerStuff\ServerEntities\objects">
      <UniqueIdentifier>{12fb1764-fc70-4128-b0eb-73c44ba5451a}</UniqueIdentifier>
    </Filter>
    <Filter Include="ServerStuff\ServerEntities\objects_alife">
      <UniqueIdentifier>{cade3ccf-ccc3-4cc3-a457-fcb280d8b2b1}</UniqueIdentifier>
    </Filter>
    <Filter Include="ServerStuff\ServerEntities\objects_alife_items">
      <UniqueIdentifier>{ab5a3c29-6a6e-438f-8f7d-312137443dd4}</UniqueIdentifier>
    </Filter>
    <Filter Include="ServerStuff\ServerEntities\objects_alife_monsters">
      <UniqueIdentifier>{50eb950e-6793-485e-8922-6dc459fe66e2}</UniqueIdentifier>
    </Filter>
    <Filter Include="ServerStuff\ServerEntities\editor_properties">
      <UniqueIdentifier>{060965a1-bb49-4317-a42d-dfaea925531d}</UniqueIdentifier>
    </Filter>
    <Filter Include="ServerStuff\ServerEntities\scripts">
      <UniqueIdentifier>{96889aee-ad1c-4819-abc3-ac64526a52b9}</UniqueIdentifier>
    </Filter>
    <Filter Include="ServerStuff\ServerEntities\scripts\script_value">
      <UniqueIdentifier>{b2a65ce6-d887-4791-aaba-bce472408882}</UniqueIdentifier>
    </Filter>
    <Filter Include="ServerStuff\ServerEntities\scripts\script_value_wrapper">
      <UniqueIdentifier>{1c1ce446-02d0-452e-aafe-99da259cb812}</UniqueIdentifier>
    </Filter>
    <Filter Include="ServerStuff\ServerEntities\scripts\script_value_container">
      <UniqueIdentifier>{9750840b-1eff-4e92-ac30-c7e32e603e1b}</UniqueIdentifier>
    </Filter>
    <Filter Include="ServerStuff\ServerEntities\scripts\script_properties_list_helper">
      <UniqueIdentifier>{b5d9d303-6543-439c-8605-6bd2d360ce3e}</UniqueIdentifier>
    </Filter>
  </ItemGroup>
  <ItemGroup>
    <ClInclude Include="DrawUtils.h">
      <Filter>Core</Filter>
    </ClInclude>
    <ClInclude Include="stdafx.h">
      <Filter>Core</Filter>
    </ClInclude>
    <ClInclude Include="xrSE_Factory.h">
      <Filter>Core</Filter>
    </ClInclude>
    <ClInclude Include="xrSE_Factory_import_export.h">
      <Filter>Core</Filter>
    </ClInclude>
    <ClInclude Include="defines.h">
      <Filter>Common</Filter>
    </ClInclude>
    <ClInclude Include="FastDelegate.h">
      <Filter>Common</Filter>
    </ClInclude>
    <ClInclude Include="xrLevel.h">
      <Filter>Common</Filter>
    </ClInclude>
    <ClInclude Include="intrusive_ptr.h">
      <Filter>Common\IntrusivePtr</Filter>
    </ClInclude>
    <ClInclude Include="intrusive_ptr_inline.h">
      <Filter>Common\IntrusivePtr</Filter>
    </ClInclude>
    <ClInclude Include="restriction_space.h">
      <Filter>Common\AComponents\SpaceRestrictionManager</Filter>
    </ClInclude>
    <ClInclude Include="ai_sounds.h">
      <Filter>Common\ASound</Filter>
    </ClInclude>
    <ClInclude Include="ai_space.h">
      <Filter>Common\ASpace</Filter>
    </ClInclude>
    <ClInclude Include="ai_space_inline.h">
      <Filter>Common\ASpace</Filter>
    </ClInclude>
    <ClInclude Include="object_broker.h">
      <Filter>Common\ObjectBroker</Filter>
    </ClInclude>
    <ClInclude Include="object_cloner.h">
      <Filter>Common\ObjectBroker</Filter>
    </ClInclude>
    <ClInclude Include="object_comparer.h">
      <Filter>Common\ObjectBroker</Filter>
    </ClInclude>
    <ClInclude Include="object_destroyer.h">
      <Filter>Common\ObjectBroker</Filter>
    </ClInclude>
    <ClInclude Include="object_interfaces.h">
      <Filter>Common\ObjectBroker</Filter>
    </ClInclude>
    <ClInclude Include="object_loader.h">
      <Filter>Common\ObjectBroker</Filter>
    </ClInclude>
    <ClInclude Include="object_saver.h">
      <Filter>Common\ObjectBroker</Filter>
    </ClInclude>
    <ClInclude Include="object_type_traits.h">
      <Filter>Common\ObjectBroker</Filter>
    </ClInclude>
    <ClInclude Include="clsid_game.h">
      <Filter>Common\ObjectFactory</Filter>
    </ClInclude>
    <ClInclude Include="object_factory.h">
      <Filter>Common\ObjectFactory</Filter>
    </ClInclude>
    <ClInclude Include="object_factory_impl.h">
      <Filter>Common\ObjectFactory</Filter>
    </ClInclude>
    <ClInclude Include="object_factory_inline.h">
      <Filter>Common\ObjectFactory</Filter>
    </ClInclude>
    <ClInclude Include="object_factory_space.h">
      <Filter>Common\ObjectFactory</Filter>
    </ClInclude>
    <ClInclude Include="object_item_abstract.h">
      <Filter>Common\ObjectFactory\object_item_abstract</Filter>
    </ClInclude>
    <ClInclude Include="object_item_abstract_inline.h">
      <Filter>Common\ObjectFactory\object_item_abstract</Filter>
    </ClInclude>
    <ClInclude Include="object_item_client_server.h">
      <Filter>Common\ObjectFactory\object_item_client_server</Filter>
    </ClInclude>
    <ClInclude Include="object_item_client_server_inline.h">
      <Filter>Common\ObjectFactory\object_item_client_server</Filter>
    </ClInclude>
    <ClInclude Include="object_item_script.h">
      <Filter>Common\ObjectFactory\object_item_script</Filter>
    </ClInclude>
    <ClInclude Include="object_item_script_inline.h">
      <Filter>Common\ObjectFactory\object_item_script</Filter>
    </ClInclude>
    <ClInclude Include="object_item_single.h">
      <Filter>Common\ObjectFactory\object_item_single</Filter>
    </ClInclude>
    <ClInclude Include="object_item_single_inline.h">
      <Filter>Common\ObjectFactory\object_item_single</Filter>
    </ClInclude>
    <ClInclude Include="smart_cast.h">
      <Filter>Common\SmartCast</Filter>
    </ClInclude>
    <ClInclude Include="smart_cast_impl0.h">
      <Filter>Common\SmartCast</Filter>
    </ClInclude>
    <ClInclude Include="smart_cast_impl1.h">
      <Filter>Common\SmartCast</Filter>
    </ClInclude>
    <ClInclude Include="smart_cast_impl2.h">
      <Filter>Common\SmartCast</Filter>
    </ClInclude>
    <ClInclude Include="script_export_macroses.h">
      <Filter>Scripts</Filter>
    </ClInclude>
    <ClInclude Include="script_export_space.h">
      <Filter>Scripts</Filter>
    </ClInclude>
    <ClInclude Include="script_space.h">
      <Filter>Scripts</Filter>
    </ClInclude>
    <ClInclude Include="script_space_forward.h">
      <Filter>Scripts</Filter>
    </ClInclude>
    <ClInclude Include="script_fmatrix.h">
      <Filter>Scripts\ScriptClasses\ScriptFmatrix</Filter>
    </ClInclude>
    <ClInclude Include="script_fcolor.h">
      <Filter>Scripts\ScriptClasses\ScriptFvector</Filter>
    </ClInclude>
    <ClInclude Include="script_fvector.h">
      <Filter>Scripts\ScriptClasses\ScriptFvector</Filter>
    </ClInclude>
    <ClInclude Include="script_ini_file.h">
      <Filter>Scripts\ScriptClasses\ScriptIniFile</Filter>
    </ClInclude>
    <ClInclude Include="script_ini_file_inline.h">
      <Filter>Scripts\ScriptClasses\ScriptIniFile</Filter>
    </ClInclude>
    <ClInclude Include="script_token_list.h">
      <Filter>Scripts\ScriptClasses\ScriptIniFile\ScriptTokenList</Filter>
    </ClInclude>
    <ClInclude Include="script_token_list_inline.h">
      <Filter>Scripts\ScriptClasses\ScriptIniFile\ScriptTokenList</Filter>
    </ClInclude>
    <ClInclude Include="script_rtoken_list.h">
      <Filter>Scripts\ScriptClasses\ScriptIniFile\ScriptRTokenList</Filter>
    </ClInclude>
    <ClInclude Include="script_rtoken_list_inline.h">
      <Filter>Scripts\ScriptClasses\ScriptIniFile\ScriptRTokenList</Filter>
    </ClInclude>
    <ClInclude Include="script_net_packet.h">
      <Filter>Scripts\ScriptClasses\ScriptNetPacket</Filter>
    </ClInclude>
    <ClInclude Include="script_sound_type.h">
      <Filter>Scripts\ScriptClasses\ScriptSoundType</Filter>
    </ClInclude>
    <ClInclude Include="script_flags.h">
      <Filter>Scripts\ScriptClasses\ScriptFlags</Filter>
    </ClInclude>
    <ClInclude Include="script_reader.h">
      <Filter>Scripts\ScriptClasses\ScriptReader</Filter>
    </ClInclude>
    <ClInclude Include="script_engine.h">
      <Filter>Scripts\ScriptEngine</Filter>
    </ClInclude>
    <ClInclude Include="script_engine_export.h">
      <Filter>Scripts\ScriptEngine</Filter>
    </ClInclude>
    <ClInclude Include="script_engine_inline.h">
      <Filter>Scripts\ScriptEngine</Filter>
    </ClInclude>
    <ClInclude Include="script_engine_space.h">
      <Filter>Scripts\ScriptEngine</Filter>
    </ClInclude>
    <ClInclude Include="script_storage.h">
      <Filter>Scripts\ScriptStorage</Filter>
    </ClInclude>
    <ClInclude Include="script_storage_inline.h">
      <Filter>Scripts\ScriptStorage</Filter>
    </ClInclude>
    <ClInclude Include="script_storage_space.h">
      <Filter>Scripts\ScriptStorage</Filter>
    </ClInclude>
    <ClInclude Include="script_process.h">
      <Filter>Scripts\ScriptProcess</Filter>
    </ClInclude>
    <ClInclude Include="script_process_inline.h">
      <Filter>Scripts\ScriptProcess</Filter>
    </ClInclude>
    <ClInclude Include="script_thread.h">
      <Filter>Scripts\ScriptThread</Filter>
    </ClInclude>
    <ClInclude Include="script_thread_inline.h">
      <Filter>Scripts\ScriptThread</Filter>
    </ClInclude>
    <ClInclude Include="script_stack_tracker.h">
      <Filter>Scripts\ScriptThread\ScriptStackTracker</Filter>
    </ClInclude>
    <ClInclude Include="script_stack_tracker_inline.h">
      <Filter>Scripts\ScriptThread\ScriptStackTracker</Filter>
    </ClInclude>
    <ClInclude Include="mslotutils.h">
      <Filter>Scripts\ScriptDebugger</Filter>
    </ClInclude>
    <ClInclude Include="script_callStack.h">
      <Filter>Scripts\ScriptDebugger</Filter>
    </ClInclude>
    <ClInclude Include="script_debugger.h">
      <Filter>Scripts\ScriptDebugger</Filter>
    </ClInclude>
    <ClInclude Include="script_debugger_messages.h">
      <Filter>Scripts\ScriptDebugger</Filter>
    </ClInclude>
    <ClInclude Include="script_debugger_threads.h">
      <Filter>Scripts\ScriptDebugger</Filter>
    </ClInclude>
    <ClInclude Include="script_debugger_utils.h">
      <Filter>Scripts\ScriptDebugger</Filter>
    </ClInclude>
    <ClInclude Include="script_file.h">
      <Filter>Scripts\ScriptDebugger</Filter>
    </ClInclude>
    <ClInclude Include="script_lua_helper.h">
      <Filter>Scripts\ScriptDebugger</Filter>
    </ClInclude>
    <ClInclude Include="alife_space.h">
      <Filter>ServerStuff\Common\ALifeStuff</Filter>
    </ClInclude>
    <ClInclude Include="game_graph_space.h">
      <Filter>ServerStuff\Common\ALifeStuff</Filter>
    </ClInclude>
    <ClInclude Include="alife_artefact_order.h">
      <Filter>ServerStuff\Common\ALifeStuff\artefact_order</Filter>
    </ClInclude>
    <ClInclude Include="alife_event_personal.h">
      <Filter>ServerStuff\Common\ALifeStuff\event_personal</Filter>
    </ClInclude>
    <ClInclude Include="alife_event_personal_inline.h">
      <Filter>ServerStuff\Common\ALifeStuff\event_personal</Filter>
    </ClInclude>
    <ClInclude Include="bone.h">
      <Filter>ServerStuff\Common\GameStuff</Filter>
    </ClInclude>
    <ClInclude Include="game_base_space.h">
      <Filter>ServerStuff\Common\GameStuff</Filter>
    </ClInclude>
    <ClInclude Include="inventory_space.h">
      <Filter>ServerStuff\Common\GameStuff</Filter>
    </ClInclude>
    <ClInclude Include="client_id.h">
      <Filter>ServerStuff\Common\NetworkStuff</Filter>
    </ClInclude>
    <ClInclude Include="NET_Compressor.h">
      <Filter>ServerStuff\Common\NetworkStuff</Filter>
    </ClInclude>
    <ClInclude Include="NET_utils.h">
      <Filter>ServerStuff\Common\NetworkStuff</Filter>
    </ClInclude>
    <ClInclude Include="PHNetState.h">
      <Filter>ServerStuff\Common\PhysicsStuff</Filter>
    </ClInclude>
    <ClInclude Include="PHSynchronize.h">
      <Filter>ServerStuff\Common\PhysicsStuff</Filter>
    </ClInclude>
    <ClInclude Include="character_info.h">
      <Filter>ServerStuff\Common\ServerStuff</Filter>
    </ClInclude>
    <ClInclude Include="character_info_defs.h">
      <Filter>ServerStuff\Common\ServerStuff</Filter>
    </ClInclude>
    <ClInclude Include="shared_data.h">
      <Filter>ServerStuff\Common\ServerStuff</Filter>
    </ClInclude>
    <ClInclude Include="specific_character.h">
      <Filter>ServerStuff\Common\ServerStuff</Filter>
    </ClInclude>
    <ClInclude Include="tinyxml.h">
      <Filter>ServerStuff\Common\ServerStuff</Filter>
    </ClInclude>
    <ClInclude Include="xml_str_id_loader.h">
      <Filter>ServerStuff\Common\ServerStuff</Filter>
    </ClInclude>
    <ClInclude Include="xrMessages.h">
      <Filter>ServerStuff\Common\ServerStuff</Filter>
    </ClInclude>
    <ClInclude Include="xrServer_Space.h">
      <Filter>ServerStuff\Common\ServerStuff</Filter>
    </ClInclude>
    <ClInclude Include="xrXMLParser.h">
      <Filter>ServerStuff\Common\ServerStuff</Filter>
    </ClInclude>
    <ClInclude Include="InfoPortionDefs.h">
      <Filter>ServerStuff\ServerEntities</Filter>
    </ClInclude>
    <ClInclude Include="ShapeData.h">
      <Filter>ServerStuff\ServerEntities</Filter>
    </ClInclude>
    <ClInclude Include="xrServer_Objects_Abstract.h">
      <Filter>ServerStuff\ServerEntities</Filter>
    </ClInclude>
    <ClInclude Include="xrServer_Objects_ALife_All.h">
      <Filter>ServerStuff\ServerEntities</Filter>
    </ClInclude>
    <ClInclude Include="xrServer_script_macroses.h">
      <Filter>ServerStuff\ServerEntities</Filter>
    </ClInclude>
    <ClInclude Include="xrServer_Object_Base.h">
      <Filter>ServerStuff\ServerEntities\objects</Filter>
    </ClInclude>
    <ClInclude Include="xrServer_Objects.h">
      <Filter>ServerStuff\ServerEntities\objects</Filter>
    </ClInclude>
    <ClInclude Include="xrServer_Objects_ALife.h">
      <Filter>ServerStuff\ServerEntities\objects_alife</Filter>
    </ClInclude>
    <ClInclude Include="xrServer_Objects_ALife_Items.h">
      <Filter>ServerStuff\ServerEntities\objects_alife_items</Filter>
    </ClInclude>
    <ClInclude Include="xrServer_Objects_ALife_Monsters.h">
      <Filter>ServerStuff\ServerEntities\objects_alife_monsters</Filter>
    </ClInclude>
    <ClInclude Include="ChooseTypes.h">
      <Filter>ServerStuff\ServerEntities\editor_properties</Filter>
    </ClInclude>
    <ClInclude Include="ItemListTypes.h">
      <Filter>ServerStuff\ServerEntities\editor_properties</Filter>
    </ClInclude>
    <ClInclude Include="PropertiesListTypes.h">
      <Filter>ServerStuff\ServerEntities\editor_properties</Filter>
    </ClInclude>
    <ClInclude Include="Sound.h">
      <Filter>ServerStuff\ServerEntities\editor_properties</Filter>
    </ClInclude>
    <ClInclude Include="WaveForm.h">
      <Filter>ServerStuff\ServerEntities\editor_properties</Filter>
    </ClInclude>
    <ClInclude Include="xrCDB.h">
      <Filter>ServerStuff\ServerEntities\editor_properties</Filter>
    </ClInclude>
    <ClInclude Include="xrEProps.h">
      <Filter>ServerStuff\ServerEntities\editor_properties</Filter>
    </ClInclude>
    <ClInclude Include="script_value.h">
      <Filter>ServerStuff\ServerEntities\scripts\script_value</Filter>
    </ClInclude>
    <ClInclude Include="script_value_inline.h">
      <Filter>ServerStuff\ServerEntities\scripts\script_value</Filter>
    </ClInclude>
    <ClInclude Include="script_value_wrapper.h">
      <Filter>ServerStuff\ServerEntities\scripts\script_value_wrapper</Filter>
    </ClInclude>
    <ClInclude Include="script_value_wrapper_inline.h">
      <Filter>ServerStuff\ServerEntities\scripts\script_value_wrapper</Filter>
    </ClInclude>
    <ClInclude Include="script_value_container.h">
      <Filter>ServerStuff\ServerEntities\scripts\script_value_container</Filter>
    </ClInclude>
    <ClInclude Include="script_value_container_impl.h">
      <Filter>ServerStuff\ServerEntities\scripts\script_value_container</Filter>
    </ClInclude>
    <ClInclude Include="script_properties_list_helper.h">
      <Filter>ServerStuff\ServerEntities\scripts\script_properties_list_helper</Filter>
    </ClInclude>
  </ItemGroup>
  <ItemGroup>
    <ClCompile Include="stdafx.cpp">
      <Filter>Core</Filter>
    </ClCompile>
    <ClCompile Include="xrSE_Factory.cpp">
      <Filter>Core</Filter>
    </ClCompile>
    <ClCompile Include="ai_space.cpp">
      <Filter>Common\ASpace</Filter>
    </ClCompile>
    <ClCompile Include="object_factory.cpp">
      <Filter>Common\ObjectFactory</Filter>
    </ClCompile>
    <ClCompile Include="object_factory_register.cpp">
      <Filter>Common\ObjectFactory</Filter>
    </ClCompile>
    <ClCompile Include="object_factory_script.cpp">
      <Filter>Common\ObjectFactory</Filter>
    </ClCompile>
    <ClCompile Include="object_item_script.cpp">
      <Filter>Common\ObjectFactory\object_item_script</Filter>
    </ClCompile>
    <ClCompile Include="smart_cast.cpp">
      <Filter>Common\SmartCast</Filter>
    </ClCompile>
    <ClCompile Include="smart_cast_stats.cpp">
      <Filter>Common\SmartCast</Filter>
    </ClCompile>
    <ClCompile Include="script_fmatrix_script.cpp">
      <Filter>Scripts\ScriptClasses\ScriptFmatrix</Filter>
    </ClCompile>
    <ClCompile Include="script_fcolor_script.cpp">
      <Filter>Scripts\ScriptClasses\ScriptFvector</Filter>
    </ClCompile>
    <ClCompile Include="script_fvector_script.cpp">
      <Filter>Scripts\ScriptClasses\ScriptFvector</Filter>
    </ClCompile>
    <ClCompile Include="script_ini_file.cpp">
      <Filter>Scripts\ScriptClasses\ScriptIniFile</Filter>
    </ClCompile>
    <ClCompile Include="script_ini_file_script.cpp">
      <Filter>Scripts\ScriptClasses\ScriptIniFile</Filter>
    </ClCompile>
    <ClCompile Include="script_token_list.cpp">
      <Filter>Scripts\ScriptClasses\ScriptIniFile\ScriptTokenList</Filter>
    </ClCompile>
    <ClCompile Include="script_token_list_script.cpp">
      <Filter>Scripts\ScriptClasses\ScriptIniFile\ScriptTokenList</Filter>
    </ClCompile>
    <ClCompile Include="script_rtoken_list_script.cpp">
      <Filter>Scripts\ScriptClasses\ScriptIniFile\ScriptRTokenList</Filter>
    </ClCompile>
    <ClCompile Include="script_net_packet_script.cpp">
      <Filter>Scripts\ScriptClasses\ScriptNetPacket</Filter>
    </ClCompile>
    <ClCompile Include="script_sound_type_script.cpp">
      <Filter>Scripts\ScriptClasses\ScriptSoundType</Filter>
    </ClCompile>
    <ClCompile Include="script_flags_script.cpp">
      <Filter>Scripts\ScriptClasses\ScriptFlags</Filter>
    </ClCompile>
    <ClCompile Include="script_reader_script.cpp">
      <Filter>Scripts\ScriptClasses\ScriptReader</Filter>
    </ClCompile>
    <ClCompile Include="script_engine.cpp">
      <Filter>Scripts\ScriptEngine</Filter>
    </ClCompile>
    <ClCompile Include="script_engine_export.cpp">
      <Filter>Scripts\ScriptEngine</Filter>
    </ClCompile>
    <ClCompile Include="script_engine_script.cpp">
      <Filter>Scripts\ScriptEngine</Filter>
    </ClCompile>
    <ClCompile Include="script_storage.cpp">
      <Filter>Scripts\ScriptStorage</Filter>
    </ClCompile>
    <ClCompile Include="script_process.cpp">
      <Filter>Scripts\ScriptProcess</Filter>
    </ClCompile>
    <ClCompile Include="script_thread.cpp">
      <Filter>Scripts\ScriptThread</Filter>
    </ClCompile>
    <ClCompile Include="script_stack_tracker.cpp">
      <Filter>Scripts\ScriptThread\ScriptStackTracker</Filter>
    </ClCompile>
    <ClCompile Include="script_callStack.cpp">
      <Filter>Scripts\ScriptDebugger</Filter>
    </ClCompile>
    <ClCompile Include="script_debugger.cpp">
      <Filter>Scripts\ScriptDebugger</Filter>
    </ClCompile>
    <ClCompile Include="script_debugger_threads.cpp">
      <Filter>Scripts\ScriptDebugger</Filter>
    </ClCompile>
    <ClCompile Include="script_debugger_utils.cpp">
      <Filter>Scripts\ScriptDebugger</Filter>
    </ClCompile>
    <ClCompile Include="script_file.cpp">
      <Filter>Scripts\ScriptDebugger</Filter>
    </ClCompile>
    <ClCompile Include="script_lua_helper.cpp">
      <Filter>Scripts\ScriptDebugger</Filter>
    </ClCompile>
    <ClCompile Include="alife_space.cpp">
      <Filter>ServerStuff\Common\ALifeStuff</Filter>
    </ClCompile>
    <ClCompile Include="alife_artefact_order.cpp">
      <Filter>ServerStuff\Common\ALifeStuff\artefact_order</Filter>
    </ClCompile>
    <ClCompile Include="alife_event_personal.cpp">
      <Filter>ServerStuff\Common\ALifeStuff\event_personal</Filter>
    </ClCompile>
    <ClCompile Include="PHNetState.cpp">
      <Filter>ServerStuff\Common\PhysicsStuff</Filter>
    </ClCompile>
    <ClCompile Include="PHSynchronize.cpp">
      <Filter>ServerStuff\Common\PhysicsStuff</Filter>
    </ClCompile>
    <ClCompile Include="character_info.cpp">
      <Filter>ServerStuff\Common\ServerStuff</Filter>
    </ClCompile>
    <ClCompile Include="specific_character.cpp">
      <Filter>ServerStuff\Common\ServerStuff</Filter>
    </ClCompile>
    <ClCompile Include="xrServer_Factory.cpp">
      <Filter>ServerStuff\ServerFactory</Filter>
    </ClCompile>
    <ClCompile Include="xrServer_Objects_Abstract.cpp">
      <Filter>ServerStuff\ServerEntities</Filter>
    </ClCompile>
    <ClCompile Include="xrServer_Object_Base.cpp">
      <Filter>ServerStuff\ServerEntities\objects</Filter>
    </ClCompile>
    <ClCompile Include="xrServer_Objects.cpp">
      <Filter>ServerStuff\ServerEntities\objects</Filter>
    </ClCompile>
    <ClCompile Include="xrServer_Objects_script.cpp">
      <Filter>ServerStuff\ServerEntities\objects</Filter>
    </ClCompile>
    <ClCompile Include="xrServer_Objects_script2.cpp">
      <Filter>ServerStuff\ServerEntities\objects</Filter>
    </ClCompile>
    <ClCompile Include="xrServer_Objects_ALife.cpp">
      <Filter>ServerStuff\ServerEntities\objects_alife</Filter>
    </ClCompile>
    <ClCompile Include="xrServer_Objects_ALife_script.cpp">
      <Filter>ServerStuff\ServerEntities\objects_alife</Filter>
    </ClCompile>
    <ClCompile Include="xrServer_Objects_ALife_script2.cpp">
      <Filter>ServerStuff\ServerEntities\objects_alife</Filter>
    </ClCompile>
    <ClCompile Include="xrServer_Objects_ALife_script3.cpp">
      <Filter>ServerStuff\ServerEntities\objects_alife</Filter>
    </ClCompile>
    <ClCompile Include="xrServer_Objects_ALife_Items.cpp">
      <Filter>ServerStuff\ServerEntities\objects_alife_items</Filter>
    </ClCompile>
    <ClCompile Include="xrServer_Objects_ALife_Items_script.cpp">
      <Filter>ServerStuff\ServerEntities\objects_alife_items</Filter>
    </ClCompile>
    <ClCompile Include="xrServer_Objects_ALife_Items_script2.cpp">
      <Filter>ServerStuff\ServerEntities\objects_alife_items</Filter>
    </ClCompile>
    <ClCompile Include="xrServer_Objects_ALife_Monsters.cpp">
      <Filter>ServerStuff\ServerEntities\objects_alife_monsters</Filter>
    </ClCompile>
    <ClCompile Include="xrServer_Objects_ALife_Monsters_script.cpp">
      <Filter>ServerStuff\ServerEntities\objects_alife_monsters</Filter>
    </ClCompile>
    <ClCompile Include="xrServer_Objects_ALife_Monsters_script2.cpp">
      <Filter>ServerStuff\ServerEntities\objects_alife_monsters</Filter>
    </ClCompile>
    <ClCompile Include="xrserver_objects_alife_monsters_script3.cpp">
      <Filter>ServerStuff\ServerEntities\objects_alife_monsters</Filter>
    </ClCompile>
    <ClCompile Include="properties_list_helper_script.cpp">
      <Filter>ServerStuff\ServerEntities\scripts\script_properties_list_helper</Filter>
    </ClCompile>
    <ClCompile Include="script_properties_list_helper.cpp">
      <Filter>ServerStuff\ServerEntities\scripts\script_properties_list_helper</Filter>
    </ClCompile>
  </ItemGroup>
</Project>