<?xml version="1.0" encoding="utf-8"?>
<Project ToolsVersion="4.0" xmlns="http://schemas.microsoft.com/developer/msbuild/2003">
  <ItemGroup>
    <Filter Include="Core">
      <UniqueIdentifier>{4FC737F1-C7A5-4376-A066-2A32D752A2FF}</UniqueIdentifier>
      <Extensions>cpp;c;cxx;def;odl;idl;hpj;bat;asm;asmx</Extensions>
    </Filter>
    <Filter Include="LIB">
      <UniqueIdentifier>{93995380-89BD-4b04-88EB-625FBE52EBFB}</UniqueIdentifier>
      <Extensions>h;hpp;hxx;hm;inl;inc;xsd</Extensions>
    </Filter>
    <Filter Include="Resource Files">
      <UniqueIdentifier>{67DA6AB6-F800-4c08-8B7A-83BB121AAD01}</UniqueIdentifier>
      <Extensions>rc;ico;cur;bmp;dlg;rc2;rct;bin;rgs;gif;jpg;jpeg;jpe;resx</Extensions>
    </Filter>
    <Filter Include="XRay">
      <UniqueIdentifier>{002e34f3-13dd-4dee-b70d-21f39365261c}</UniqueIdentifier>
    </Filter>
    <Filter Include="Kernel">
      <UniqueIdentifier>{271617d3-c987-4bb6-9f0b-4fbdff5dea49}</UniqueIdentifier>
    </Filter>
    <Filter Include="luabind">
      <UniqueIdentifier>{c20fe954-0d0d-4a27-b5eb-f9ca734083f0}</UniqueIdentifier>
    </Filter>
  </ItemGroup>
  <ItemGroup>
    <ClCompile Include="src\lapi.c">
      <Filter>Core</Filter>
    </ClCompile>
    <ClCompile Include="src\lcode.c">
      <Filter>Core</Filter>
    </ClCompile>
    <ClCompile Include="src\ldebug.c">
      <Filter>Core</Filter>
    </ClCompile>
    <ClCompile Include="src\ldo.c">
      <Filter>Core</Filter>
    </ClCompile>
    <ClCompile Include="src\ldump.c">
      <Filter>Core</Filter>
    </ClCompile>
    <ClCompile Include="src\lfunc.c">
      <Filter>Core</Filter>
    </ClCompile>
    <ClCompile Include="src\lgc.c">
      <Filter>Core</Filter>
    </ClCompile>
    <ClCompile Include="src\llex.c">
      <Filter>Core</Filter>
    </ClCompile>
    <ClCompile Include="src\lmem.c">
      <Filter>Core</Filter>
    </ClCompile>
    <ClCompile Include="src\lobject.c">
      <Filter>Core</Filter>
    </ClCompile>
    <ClCompile Include="src\lopcodes.c">
      <Filter>Core</Filter>
    </ClCompile>
    <ClCompile Include="src\lparser.c">
      <Filter>Core</Filter>
    </ClCompile>
    <ClCompile Include="src\lstate.c">
      <Filter>Core</Filter>
    </ClCompile>
    <ClCompile Include="src\lstring.c">
      <Filter>Core</Filter>
    </ClCompile>
    <ClCompile Include="src\ltable.c">
      <Filter>Core</Filter>
    </ClCompile>
    <ClCompile Include="src\ltests.c">
      <Filter>Core</Filter>
    </ClCompile>
    <ClCompile Include="src\ltm.c">
      <Filter>Core</Filter>
    </ClCompile>
    <ClCompile Include="src\lundump.c">
      <Filter>Core</Filter>
    </ClCompile>
    <ClCompile Include="src\lvm.c">
      <Filter>Core</Filter>
    </ClCompile>
    <ClCompile Include="src\lzio.c">
      <Filter>Core</Filter>
    </ClCompile>
    <ClCompile Include="src\lib\lauxlib.c">
      <Filter>LIB</Filter>
    </ClCompile>
    <ClCompile Include="src\lib\lbaselib.c">
      <Filter>LIB</Filter>
    </ClCompile>
    <ClCompile Include="src\lib\ldblib.c">
      <Filter>LIB</Filter>
    </ClCompile>
    <ClCompile Include="src\lib\liolib.c">
      <Filter>LIB</Filter>
    </ClCompile>
    <ClCompile Include="src\lib\lmathlib.c">
      <Filter>LIB</Filter>
    </ClCompile>
    <ClCompile Include="src\lib\loadlib.c">
      <Filter>LIB</Filter>
    </ClCompile>
    <ClCompile Include="src\lib\lstrlib.c">
      <Filter>LIB</Filter>
    </ClCompile>
    <ClCompile Include="src\lib\ltablib.c">
      <Filter>LIB</Filter>
    </ClCompile>
    <ClCompile Include="src\xr_LuaAllocator.c">
      <Filter>XRay</Filter>
    </ClCompile>
    <ClCompile Include="src\xr_print.c">
      <Filter>XRay</Filter>
    </ClCompile>
    <ClCompile Include="StdAfx.cpp">
      <Filter>Kernel</Filter>
    </ClCompile>
    <ClCompile Include="luabind\class.cpp">
      <Filter>luabind</Filter>
    </ClCompile>
    <ClCompile Include="luabind\class_info.cpp">
      <Filter>luabind</Filter>
    </ClCompile>
    <ClCompile Include="luabind\class_registry.cpp">
      <Filter>luabind</Filter>
    </ClCompile>
    <ClCompile Include="luabind\class_rep.cpp">
      <Filter>luabind</Filter>
    </ClCompile>
    <ClCompile Include="luabind\create_class.cpp">
      <Filter>luabind</Filter>
    </ClCompile>
    <ClCompile Include="luabind\error.cpp">
      <Filter>luabind</Filter>
    </ClCompile>
    <ClCompile Include="luabind\find_best_match.cpp">
      <Filter>luabind</Filter>
    </ClCompile>
    <ClCompile Include="luabind\function.cpp">
      <Filter>luabind</Filter>
    </ClCompile>
    <ClCompile Include="luabind\implicit_cast.cpp">
      <Filter>luabind</Filter>
    </ClCompile>
    <ClCompile Include="luabind\link_compatibility.cpp">
      <Filter>luabind</Filter>
    </ClCompile>
    <ClCompile Include="luabind\object.cpp">
      <Filter>luabind</Filter>
    </ClCompile>
    <ClCompile Include="luabind\object_rep.cpp">
      <Filter>luabind</Filter>
    </ClCompile>
    <ClCompile Include="luabind\open.cpp">
      <Filter>luabind</Filter>
    </ClCompile>
    <ClCompile Include="luabind\pcall.cpp">
      <Filter>luabind</Filter>
    </ClCompile>
    <ClCompile Include="luabind\ref.cpp">
      <Filter>luabind</Filter>
    </ClCompile>
    <ClCompile Include="luabind\scope.cpp">
      <Filter>luabind</Filter>
    </ClCompile>
    <ClCompile Include="luabind\stack_content_by_name.cpp">
      <Filter>luabind</Filter>
    </ClCompile>
    <ClCompile Include="luabind\weak_ref.cpp">
      <Filter>luabind</Filter>
    </ClCompile>
    <ClCompile Include="luabind\wrapper_base.cpp">
      <Filter>luabind</Filter>
    </ClCompile>
  </ItemGroup>
  <ItemGroup>
    <ClInclude Include="src\lapi.h">
      <Filter>Core</Filter>
    </ClInclude>
    <ClInclude Include="src\lcode.h">
      <Filter>Core</Filter>
    </ClInclude>
    <ClInclude Include="src\ldebug.h">
      <Filter>Core</Filter>
    </ClInclude>
    <ClInclude Include="src\ldo.h">
      <Filter>Core</Filter>
    </ClInclude>
    <ClInclude Include="src\lfunc.h">
      <Filter>Core</Filter>
    </ClInclude>
    <ClInclude Include="src\lgc.h">
      <Filter>Core</Filter>
    </ClInclude>
    <ClInclude Include="src\llex.h">
      <Filter>Core</Filter>
    </ClInclude>
    <ClInclude Include="src\llimits.h">
      <Filter>Core</Filter>
    </ClInclude>
    <ClInclude Include="src\lmem.h">
      <Filter>Core</Filter>
    </ClInclude>
    <ClInclude Include="src\lobject.h">
      <Filter>Core</Filter>
    </ClInclude>
    <ClInclude Include="src\lopcodes.h">
      <Filter>Core</Filter>
    </ClInclude>
    <ClInclude Include="src\lparser.h">
      <Filter>Core</Filter>
    </ClInclude>
    <ClInclude Include="src\lstate.h">
      <Filter>Core</Filter>
    </ClInclude>
    <ClInclude Include="src\lstring.h">
      <Filter>Core</Filter>
    </ClInclude>
    <ClInclude Include="src\ltable.h">
      <Filter>Core</Filter>
    </ClInclude>
    <ClInclude Include="src\ltm.h">
      <Filter>Core</Filter>
    </ClInclude>
    <ClInclude Include="src\lundump.h">
      <Filter>Core</Filter>
    </ClInclude>
    <ClInclude Include="src\lvm.h">
      <Filter>Core</Filter>
    </ClInclude>
    <ClInclude Include="src\lzio.h">
      <Filter>Core</Filter>
    </ClInclude>
    <ClInclude Include="src\xr_LuaAllocator.h">
      <Filter>XRay</Filter>
    </ClInclude>
    <ClInclude Include="src\xr_print.h">
      <Filter>XRay</Filter>
    </ClInclude>
    <ClInclude Include="StdAfx.h">
      <Filter>Kernel</Filter>
    </ClInclude>
  </ItemGroup>
  <ItemGroup>
    <None Include="etc\lua+lib.def">
      <Filter>Resource Files</Filter>
    </None>
  </ItemGroup>
</Project>